
Microsoft Visual Studio Solution File, Format Version 12.00
Project("{FAE04EC0-301F-11D3-BF4B-00C04F79EFBC}") = "MethodNewtonTask", "MethodNewtonTask\MethodNewtonTask.csproj", "{AAB72E5A-DE7B-4E26-9E9B-C3636629B625}"
EndProject
Project("{FAE04EC0-301F-11D3-BF4B-00C04F79EFBC}") = "MethodNewtonTask.Tasks", "MethodNewtonTask.Tasks\MethodNewtonTask.Tests.csproj", "{5890AF0B-C7A6-4ED1-A671-1A4F09D5A874}"
EndProject
Global
	GlobalSection(SolutionConfigurationPlatforms) = preSolution
		Debug|Any CPU = Debug|Any CPU
		Release|Any CPU = Release|Any CPU
	EndGlobalSection
	GlobalSection(ProjectConfigurationPlatforms) = postSolution
		{AAB72E5A-DE7B-4E26-9E9B-C3636629B625}.Debug|Any CPU.ActiveCfg = Debug|Any CPU
		{AAB72E5A-DE7B-4E26-9E9B-C3636629B625}.Debug|Any CPU.Build.0 = Debug|Any CPU
		{AAB72E5A-DE7B-4E26-9E9B-C3636629B625}.Release|Any CPU.ActiveCfg = Release|Any CPU
		{AAB72E5A-DE7B-4E26-9E9B-C3636629B625}.Release|Any CPU.Build.0 = Release|Any CPU
		{5890AF0B-C7A6-4ED1-A671-1A4F09D5A874}.Debug|Any CPU.ActiveCfg = Debug|Any CPU
		{5890AF0B-C7A6-4ED1-A671-1A4F09D5A874}.Debug|Any CPU.Build.0 = Debug|Any CPU
		{5890AF0B-C7A6-4ED1-A671-1A4F09D5A874}.Release|Any CPU.ActiveCfg = Release|Any CPU
		{5890AF0B-C7A6-4ED1-A671-1A4F09D5A874}.Release|Any CPU.Build.0 = Release|Any CPU
	EndGlobalSection
EndGlobal
